
Microsoft Visual Studio Solution File, Format Version 12.00
# Visual Studio Version 17
VisualStudioVersion = 17.14.36401.2 d17.14
MinimumVisualStudioVersion = 10.0.40219.1
Project("{FAE04EC0-301F-11D3-BF4B-00C04F79EFBC}") = "asp-todo-list", "asp-todo-list.csproj", "{9760BA1A-160F-4502-870E-5153AF50D514}"
EndProject
Global
	GlobalSection(SolutionConfigurationPlatforms) = preSolution
		Debug|Any CPU = Debug|Any CPU
		Release|Any CPU = Release|Any CPU
	EndGlobalSection
	GlobalSection(ProjectConfigurationPlatforms) = postSolution
		{9760BA1A-160F-4502-870E-5153AF50D514}.Debug|Any CPU.ActiveCfg = Debug|Any CPU
		{9760BA1A-160F-4502-870E-5153AF50D514}.Debug|Any CPU.Build.0 = Debug|Any CPU
		{9760BA1A-160F-4502-870E-5153AF50D514}.Release|Any CPU.ActiveCfg = Release|Any CPU
		{9760BA1A-160F-4502-870E-5153AF50D514}.Release|Any CPU.Build.0 = Release|Any CPU
	EndGlobalSection
	GlobalSection(SolutionProperties) = preSolution
		HideSolutionNode = FALSE
	EndGlobalSection
	GlobalSection(ExtensibilityGlobals) = postSolution
		SolutionGuid = {057A8145-ED29-4F1F-9956-CCC6A06EEBD1}
	EndGlobalSection
EndGlobal
